
Microsoft Visual Studio Solution File, Format Version 12.00
# Visual Studio Version 17
VisualStudioVersion = 17.3.32825.248
MinimumVisualStudioVersion = 10.0.40219.1
Project("{FAE04EC0-301F-11D3-BF4B-00C04F79EFBC}") = "ClassLibrary1", "ClassLibrary1.csproj", "{AEFFD127-8092-4A74-9EA0-914E23DABEF8}"
EndProject
Project("{FAE04EC0-301F-11D3-BF4B-00C04F79EFBC}") = "LabbTvå", "..\LabbTvå\LabbTvå.csproj", "{5A1E9FE9-4F15-4966-978E-45BD6E984611}"
EndProject
Project("{2150E333-8FDC-42A3-9474-1A3956D46DE8}") = "Solution Items", "Solution Items", "{3F7F5227-08DC-470E-9144-F4278B9A1ACD}"
EndProject
Global
	GlobalSection(SolutionConfigurationPlatforms) = preSolution
		Debug|Any CPU = Debug|Any CPU
		Release|Any CPU = Release|Any CPU
	EndGlobalSection
	GlobalSection(ProjectConfigurationPlatforms) = postSolution
		{AEFFD127-8092-4A74-9EA0-914E23DABEF8}.Debug|Any CPU.ActiveCfg = Debug|Any CPU
		{AEFFD127-8092-4A74-9EA0-914E23DABEF8}.Debug|Any CPU.Build.0 = Debug|Any CPU
		{AEFFD127-8092-4A74-9EA0-914E23DABEF8}.Release|Any CPU.ActiveCfg = Release|Any CPU
		{AEFFD127-8092-4A74-9EA0-914E23DABEF8}.Release|Any CPU.Build.0 = Release|Any CPU
		{5A1E9FE9-4F15-4966-978E-45BD6E984611}.Debug|Any CPU.ActiveCfg = Debug|Any CPU
		{5A1E9FE9-4F15-4966-978E-45BD6E984611}.Debug|Any CPU.Build.0 = Debug|Any CPU
		{5A1E9FE9-4F15-4966-978E-45BD6E984611}.Release|Any CPU.ActiveCfg = Release|Any CPU
		{5A1E9FE9-4F15-4966-978E-45BD6E984611}.Release|Any CPU.Build.0 = Release|Any CPU
	EndGlobalSection
	GlobalSection(SolutionProperties) = preSolution
		HideSolutionNode = FALSE
	EndGlobalSection
	GlobalSection(NestedProjects) = preSolution
		{5A1E9FE9-4F15-4966-978E-45BD6E984611} = {3F7F5227-08DC-470E-9144-F4278B9A1ACD}
	EndGlobalSection
	GlobalSection(ExtensibilityGlobals) = postSolution
		SolutionGuid = {A25C9F4A-DB70-4476-BD8F-25B080D7F4E8}
	EndGlobalSection
EndGlobal
